
Microsoft Visual Studio Solution File, Format Version 12.00
# Visual Studio Version 16
VisualStudioVersion = 16.0.29613.14
MinimumVisualStudioVersion = 10.0.40219.1
Project("{FAE04EC0-301F-11D3-BF4B-00C04F79EFBC}") = "TestConsoleApp", "TestConsoleApp\TestConsoleApp.csproj", "{B7D016EF-AC53-40F0-9110-1068B3248124}"
EndProject
Project("{FAE04EC0-301F-11D3-BF4B-00C04F79EFBC}") = "ThreadStorm", "ThreadStorm\ThreadStorm.csproj", "{161D06A6-8EA4-4F1F-AAD7-CF27BE7B6B64}"
EndProject
Global
	GlobalSection(SolutionConfigurationPlatforms) = preSolution
		Debug|Any CPU = Debug|Any CPU
		Release|Any CPU = Release|Any CPU
	EndGlobalSection
	GlobalSection(ProjectConfigurationPlatforms) = postSolution
		{B7D016EF-AC53-40F0-9110-1068B3248124}.Debug|Any CPU.ActiveCfg = Debug|Any CPU
		{B7D016EF-AC53-40F0-9110-1068B3248124}.Debug|Any CPU.Build.0 = Debug|Any CPU
		{B7D016EF-AC53-40F0-9110-1068B3248124}.Release|Any CPU.ActiveCfg = Release|Any CPU
		{B7D016EF-AC53-40F0-9110-1068B3248124}.Release|Any CPU.Build.0 = Release|Any CPU
		{161D06A6-8EA4-4F1F-AAD7-CF27BE7B6B64}.Debug|Any CPU.ActiveCfg = Debug|Any CPU
		{161D06A6-8EA4-4F1F-AAD7-CF27BE7B6B64}.Debug|Any CPU.Build.0 = Debug|Any CPU
		{161D06A6-8EA4-4F1F-AAD7-CF27BE7B6B64}.Release|Any CPU.ActiveCfg = Release|Any CPU
		{161D06A6-8EA4-4F1F-AAD7-CF27BE7B6B64}.Release|Any CPU.Build.0 = Release|Any CPU
	EndGlobalSection
	GlobalSection(SolutionProperties) = preSolution
		HideSolutionNode = FALSE
	EndGlobalSection
	GlobalSection(ExtensibilityGlobals) = postSolution
		SolutionGuid = {4C67C670-FA78-41F0-B12B-0240C0CD50C9}
	EndGlobalSection
EndGlobal
